
Microsoft Visual Studio Solution File, Format Version 12.00
# Visual Studio Version 17
VisualStudioVersion = 17.12.35527.113 d17.12
MinimumVisualStudioVersion = 10.0.40219.1
Project("{FAE04EC0-301F-11D3-BF4B-00C04F79EFBC}") = "Lab3", "Lab3\Lab3.csproj", "{EB868D7C-B4AB-418D-9339-7943E0815C46}"
EndProject
Project("{FAE04EC0-301F-11D3-BF4B-00C04F79EFBC}") = "Lab3Tests", "Lab3Tests\Lab3Tests.csproj", "{6A319AFA-706E-48FA-9E5C-8CE6E24201D5}"
EndProject
Global
	GlobalSection(SolutionConfigurationPlatforms) = preSolution
		Debug|Any CPU = Debug|Any CPU
		Release|Any CPU = Release|Any CPU
	EndGlobalSection
	GlobalSection(ProjectConfigurationPlatforms) = postSolution
		{EB868D7C-B4AB-418D-9339-7943E0815C46}.Debug|Any CPU.ActiveCfg = Debug|Any CPU
		{EB868D7C-B4AB-418D-9339-7943E0815C46}.Debug|Any CPU.Build.0 = Debug|Any CPU
		{EB868D7C-B4AB-418D-9339-7943E0815C46}.Release|Any CPU.ActiveCfg = Release|Any CPU
		{EB868D7C-B4AB-418D-9339-7943E0815C46}.Release|Any CPU.Build.0 = Release|Any CPU
		{6A319AFA-706E-48FA-9E5C-8CE6E24201D5}.Debug|Any CPU.ActiveCfg = Debug|Any CPU
		{6A319AFA-706E-48FA-9E5C-8CE6E24201D5}.Debug|Any CPU.Build.0 = Debug|Any CPU
		{6A319AFA-706E-48FA-9E5C-8CE6E24201D5}.Release|Any CPU.ActiveCfg = Release|Any CPU
		{6A319AFA-706E-48FA-9E5C-8CE6E24201D5}.Release|Any CPU.Build.0 = Release|Any CPU
	EndGlobalSection
	GlobalSection(SolutionProperties) = preSolution
		HideSolutionNode = FALSE
	EndGlobalSection
EndGlobal
